// !$*UTF8*$!
{
	archiveVersion = 1;
	classes = {
	};
	objectVersion = 50;
	objects = {

/* Begin PBXBuildFile section */
		A371385125EE44F0000324E9 /* LondataMapVM.swift in Sources */ = {isa = PBXBuildFile; fileRef = A371385025EE44F0000324E9 /* LondataMapVM.swift */; };
		A371385A25EEB23A000324E9 /* PollutionDatapoint.swift in Sources */ = {isa = PBXBuildFile; fileRef = A371385925EEB23A000324E9 /* PollutionDatapoint.swift */; };
		A371385F25EEB276000324E9 /* Borough.swift in Sources */ = {isa = PBXBuildFile; fileRef = A371385E25EEB276000324E9 /* Borough.swift */; };
		A371387E25EED9EA000324E9 /* DataMap.swift in Sources */ = {isa = PBXBuildFile; fileRef = A371387D25EED9EA000324E9 /* DataMap.swift */; };
		A371388325EEDA66000324E9 /* MapMarker.swift in Sources */ = {isa = PBXBuildFile; fileRef = A371388225EEDA66000324E9 /* MapMarker.swift */; };
		A371388825EEDB33000324E9 /* CovidDatapoint.swift in Sources */ = {isa = PBXBuildFile; fileRef = A371388725EEDB33000324E9 /* CovidDatapoint.swift */; };
		A398CDE225E95EA900775778 /* londataApp.swift in Sources */ = {isa = PBXBuildFile; fileRef = A398CDE125E95EA900775778 /* londataApp.swift */; };
		A398CDE425E95EA900775778 /* ContentView.swift in Sources */ = {isa = PBXBuildFile; fileRef = A398CDE325E95EA900775778 /* ContentView.swift */; };
		A398CDE625E95EB000775778 /* Assets.xcassets in Resources */ = {isa = PBXBuildFile; fileRef = A398CDE525E95EB000775778 /* Assets.xcassets */; };
		A398CDE925E95EB000775778 /* Preview Assets.xcassets in Resources */ = {isa = PBXBuildFile; fileRef = A398CDE825E95EB000775778 /* Preview Assets.xcassets */; };
		A398CDF425E95EB100775778 /* londataTests.swift in Sources */ = {isa = PBXBuildFile; fileRef = A398CDF325E95EB100775778 /* londataTests.swift */; };
		A398CDFF25E95EB100775778 /* londataUITests.swift in Sources */ = {isa = PBXBuildFile; fileRef = A398CDFE25E95EB100775778 /* londataUITests.swift */; };
		A398CE2925E9635400775778 /* PollutionAPI.swift in Sources */ = {isa = PBXBuildFile; fileRef = A398CE2825E9635400775778 /* PollutionAPI.swift */; };
		A398CE3625E9636C00775778 /* CovidAPI.swift in Sources */ = {isa = PBXBuildFile; fileRef = A398CE3525E9636C00775778 /* CovidAPI.swift */; };
		A3B59B6925EA6D5B002F7DCA /* Agent.swift in Sources */ = {isa = PBXBuildFile; fileRef = A3B59B6825EA6D5B002F7DCA /* Agent.swift */; };
		A3B59B7125EAB3FB002F7DCA /* CrimeAPI.swift in Sources */ = {isa = PBXBuildFile; fileRef = A3B59B7025EAB3FB002F7DCA /* CrimeAPI.swift */; };
		A3B59B7725EAB80D002F7DCA /* StringBackedValue.swift in Sources */ = {isa = PBXBuildFile; fileRef = A3B59B7625EAB80D002F7DCA /* StringBackedValue.swift */; };
		A3B59B7C25EABE42002F7DCA /* PlaceNames.swift in Sources */ = {isa = PBXBuildFile; fileRef = A3B59B7B25EABE42002F7DCA /* PlaceNames.swift */; };
		A3BE581325EF08E500173121 /* PollutionMarker.swift in Sources */ = {isa = PBXBuildFile; fileRef = A3BE581225EF08E500173121 /* PollutionMarker.swift */; };
		A3BE582F25EF134C00173121 /* CovidMarker.swift in Sources */ = {isa = PBXBuildFile; fileRef = A3BE582E25EF134C00173121 /* CovidMarker.swift */; };
		A3BE583725EF142D00173121 /* MapInfoAnnotation.swift in Sources */ = {isa = PBXBuildFile; fileRef = A3BE583625EF142D00173121 /* MapInfoAnnotation.swift */; };
		A3BE583C25EF150400173121 /* CircleButtonImage.swift in Sources */ = {isa = PBXBuildFile; fileRef = A3BE583B25EF150400173121 /* CircleButtonImage.swift */; };
/* End PBXBuildFile section */

/* Begin PBXContainerItemProxy section */
		A398CDF025E95EB100775778 /* PBXContainerItemProxy */ = {
			isa = PBXContainerItemProxy;
			containerPortal = A398CDD625E95EA900775778 /* Project object */;
			proxyType = 1;
			remoteGlobalIDString = A398CDDD25E95EA900775778;
			remoteInfo = londata;
		};
		A398CDFB25E95EB100775778 /* PBXContainerItemProxy */ = {
			isa = PBXContainerItemProxy;
			containerPortal = A398CDD625E95EA900775778 /* Project object */;
			proxyType = 1;
			remoteGlobalIDString = A398CDDD25E95EA900775778;
			remoteInfo = londata;
		};
/* End PBXContainerItemProxy section */

/* Begin PBXFileReference section */
		A371385025EE44F0000324E9 /* LondataMapVM.swift */ = {isa = PBXFileReference; lastKnownFileType = sourcecode.swift; path = LondataMapVM.swift; sourceTree = "<group>"; };
		A371385925EEB23A000324E9 /* PollutionDatapoint.swift */ = {isa = PBXFileReference; lastKnownFileType = sourcecode.swift; path = PollutionDatapoint.swift; sourceTree = "<group>"; };
		A371385E25EEB276000324E9 /* Borough.swift */ = {isa = PBXFileReference; lastKnownFileType = sourcecode.swift; path = Borough.swift; sourceTree = "<group>"; };
		A371387D25EED9EA000324E9 /* DataMap.swift */ = {isa = PBXFileReference; lastKnownFileType = sourcecode.swift; path = DataMap.swift; sourceTree = "<group>"; };
		A371388225EEDA66000324E9 /* MapMarker.swift */ = {isa = PBXFileReference; lastKnownFileType = sourcecode.swift; path = MapMarker.swift; sourceTree = "<group>"; };
		A371388725EEDB33000324E9 /* CovidDatapoint.swift */ = {isa = PBXFileReference; lastKnownFileType = sourcecode.swift; path = CovidDatapoint.swift; sourceTree = "<group>"; };
		A398CDDE25E95EA900775778 /* londata.app */ = {isa = PBXFileReference; explicitFileType = wrapper.application; includeInIndex = 0; path = londata.app; sourceTree = BUILT_PRODUCTS_DIR; };
		A398CDE125E95EA900775778 /* londataApp.swift */ = {isa = PBXFileReference; lastKnownFileType = sourcecode.swift; path = londataApp.swift; sourceTree = "<group>"; };
		A398CDE325E95EA900775778 /* ContentView.swift */ = {isa = PBXFileReference; lastKnownFileType = sourcecode.swift; path = ContentView.swift; sourceTree = "<group>"; };
		A398CDE525E95EB000775778 /* Assets.xcassets */ = {isa = PBXFileReference; lastKnownFileType = folder.assetcatalog; path = Assets.xcassets; sourceTree = "<group>"; };
		A398CDE825E95EB000775778 /* Preview Assets.xcassets */ = {isa = PBXFileReference; lastKnownFileType = folder.assetcatalog; path = "Preview Assets.xcassets"; sourceTree = "<group>"; };
		A398CDEA25E95EB000775778 /* Info.plist */ = {isa = PBXFileReference; lastKnownFileType = text.plist.xml; path = Info.plist; sourceTree = "<group>"; };
		A398CDEF25E95EB100775778 /* londataTests.xctest */ = {isa = PBXFileReference; explicitFileType = wrapper.cfbundle; includeInIndex = 0; path = londataTests.xctest; sourceTree = BUILT_PRODUCTS_DIR; };
		A398CDF325E95EB100775778 /* londataTests.swift */ = {isa = PBXFileReference; lastKnownFileType = sourcecode.swift; path = londataTests.swift; sourceTree = "<group>"; };
		A398CDF525E95EB100775778 /* Info.plist */ = {isa = PBXFileReference; lastKnownFileType = text.plist.xml; path = Info.plist; sourceTree = "<group>"; };
		A398CDFA25E95EB100775778 /* londataUITests.xctest */ = {isa = PBXFileReference; explicitFileType = wrapper.cfbundle; includeInIndex = 0; path = londataUITests.xctest; sourceTree = BUILT_PRODUCTS_DIR; };
		A398CDFE25E95EB100775778 /* londataUITests.swift */ = {isa = PBXFileReference; lastKnownFileType = sourcecode.swift; path = londataUITests.swift; sourceTree = "<group>"; };
		A398CE0025E95EB100775778 /* Info.plist */ = {isa = PBXFileReference; lastKnownFileType = text.plist.xml; path = Info.plist; sourceTree = "<group>"; };
		A398CE2825E9635400775778 /* PollutionAPI.swift */ = {isa = PBXFileReference; lastKnownFileType = sourcecode.swift; path = PollutionAPI.swift; sourceTree = "<group>"; };
		A398CE3525E9636C00775778 /* CovidAPI.swift */ = {isa = PBXFileReference; lastKnownFileType = sourcecode.swift; path = CovidAPI.swift; sourceTree = "<group>"; };
		A3B59B6825EA6D5B002F7DCA /* Agent.swift */ = {isa = PBXFileReference; lastKnownFileType = sourcecode.swift; path = Agent.swift; sourceTree = "<group>"; };
		A3B59B7025EAB3FB002F7DCA /* CrimeAPI.swift */ = {isa = PBXFileReference; lastKnownFileType = sourcecode.swift; path = CrimeAPI.swift; sourceTree = "<group>"; };
		A3B59B7625EAB80D002F7DCA /* StringBackedValue.swift */ = {isa = PBXFileReference; lastKnownFileType = sourcecode.swift; path = StringBackedValue.swift; sourceTree = "<group>"; };
		A3B59B7B25EABE42002F7DCA /* PlaceNames.swift */ = {isa = PBXFileReference; lastKnownFileType = sourcecode.swift; path = PlaceNames.swift; sourceTree = "<group>"; };
		A3BE581225EF08E500173121 /* PollutionMarker.swift */ = {isa = PBXFileReference; lastKnownFileType = sourcecode.swift; path = PollutionMarker.swift; sourceTree = "<group>"; };
		A3BE582E25EF134C00173121 /* CovidMarker.swift */ = {isa = PBXFileReference; lastKnownFileType = sourcecode.swift; path = CovidMarker.swift; sourceTree = "<group>"; };
		A3BE583625EF142D00173121 /* MapInfoAnnotation.swift */ = {isa = PBXFileReference; lastKnownFileType = sourcecode.swift; path = MapInfoAnnotation.swift; sourceTree = "<group>"; };
		A3BE583B25EF150400173121 /* CircleButtonImage.swift */ = {isa = PBXFileReference; lastKnownFileType = sourcecode.swift; path = CircleButtonImage.swift; sourceTree = "<group>"; };
/* End PBXFileReference section */

/* Begin PBXFrameworksBuildPhase section */
		A398CDDB25E95EA900775778 /* Frameworks */ = {
			isa = PBXFrameworksBuildPhase;
			buildActionMask = 2147483647;
			files = (
			);
			runOnlyForDeploymentPostprocessing = 0;
		};
		A398CDEC25E95EB100775778 /* Frameworks */ = {
			isa = PBXFrameworksBuildPhase;
			buildActionMask = 2147483647;
			files = (
			);
			runOnlyForDeploymentPostprocessing = 0;
		};
		A398CDF725E95EB100775778 /* Frameworks */ = {
			isa = PBXFrameworksBuildPhase;
			buildActionMask = 2147483647;
			files = (
			);
			runOnlyForDeploymentPostprocessing = 0;
		};
/* End PBXFrameworksBuildPhase section */

/* Begin PBXGroup section */
		A371384F25EE44D7000324E9 /* ViewModels */ = {
			isa = PBXGroup;
			children = (
				A371385025EE44F0000324E9 /* LondataMapVM.swift */,
			);
			path = ViewModels;
			sourceTree = "<group>";
		};
		A371385525EE72E3000324E9 /* Screens */ = {
			isa = PBXGroup;
			children = (
				A398CDE325E95EA900775778 /* ContentView.swift */,
			);
			path = Screens;
			sourceTree = "<group>";
		};
		A398CDD525E95EA900775778 = {
			isa = PBXGroup;
			children = (
				A398CDE025E95EA900775778 /* londata */,
				A398CDF225E95EB100775778 /* londataTests */,
				A398CDFD25E95EB100775778 /* londataUITests */,
				A398CDDF25E95EA900775778 /* Products */,
			);
			sourceTree = "<group>";
		};
		A398CDDF25E95EA900775778 /* Products */ = {
			isa = PBXGroup;
			children = (
				A398CDDE25E95EA900775778 /* londata.app */,
				A398CDEF25E95EB100775778 /* londataTests.xctest */,
				A398CDFA25E95EB100775778 /* londataUITests.xctest */,
			);
			name = Products;
			sourceTree = "<group>";
		};
		A398CDE025E95EA900775778 /* londata */ = {
			isa = PBXGroup;
			children = (
				A371385525EE72E3000324E9 /* Screens */,
				A371384F25EE44D7000324E9 /* ViewModels */,
				A3B59B7525EAB800002F7DCA /* Helpers */,
				A398CE2725E9634100775778 /* API */,
				A398CE2625E9632E00775778 /* Models */,
				A398CE1B25E9630400775778 /* Components */,
				A398CDE125E95EA900775778 /* londataApp.swift */,
				A398CDE525E95EB000775778 /* Assets.xcassets */,
				A398CDEA25E95EB000775778 /* Info.plist */,
				A398CDE725E95EB000775778 /* Preview Content */,
			);
			path = londata;
			sourceTree = "<group>";
		};
		A398CDE725E95EB000775778 /* Preview Content */ = {
			isa = PBXGroup;
			children = (
				A398CDE825E95EB000775778 /* Preview Assets.xcassets */,
			);
			path = "Preview Content";
			sourceTree = "<group>";
		};
		A398CDF225E95EB100775778 /* londataTests */ = {
			isa = PBXGroup;
			children = (
				A398CDF325E95EB100775778 /* londataTests.swift */,
				A398CDF525E95EB100775778 /* Info.plist */,
			);
			path = londataTests;
			sourceTree = "<group>";
		};
		A398CDFD25E95EB100775778 /* londataUITests */ = {
			isa = PBXGroup;
			children = (
				A398CDFE25E95EB100775778 /* londataUITests.swift */,
				A398CE0025E95EB100775778 /* Info.plist */,
			);
			path = londataUITests;
			sourceTree = "<group>";
		};
		A398CE1B25E9630400775778 /* Components */ = {
			isa = PBXGroup;
			children = (
				A371387D25EED9EA000324E9 /* DataMap.swift */,
				A3BE581225EF08E500173121 /* PollutionMarker.swift */,
				A3BE582E25EF134C00173121 /* CovidMarker.swift */,
				A3BE583625EF142D00173121 /* MapInfoAnnotation.swift */,
				A3BE583B25EF150400173121 /* CircleButtonImage.swift */,
			);
			path = Components;
			sourceTree = "<group>";
		};
		A398CE2625E9632E00775778 /* Models */ = {
			isa = PBXGroup;
			children = (
				A371385925EEB23A000324E9 /* PollutionDatapoint.swift */,
				A371385E25EEB276000324E9 /* Borough.swift */,
				A371388225EEDA66000324E9 /* MapMarker.swift */,
				A371388725EEDB33000324E9 /* CovidDatapoint.swift */,
			);
			path = Models;
			sourceTree = "<group>";
		};
		A398CE2725E9634100775778 /* API */ = {
			isa = PBXGroup;
			children = (
				A398CE2825E9635400775778 /* PollutionAPI.swift */,
				A398CE3525E9636C00775778 /* CovidAPI.swift */,
				A3B59B6825EA6D5B002F7DCA /* Agent.swift */,
				A3B59B7025EAB3FB002F7DCA /* CrimeAPI.swift */,
			);
			path = API;
			sourceTree = "<group>";
		};
		A3B59B7525EAB800002F7DCA /* Helpers */ = {
			isa = PBXGroup;
			children = (
				A3B59B7625EAB80D002F7DCA /* StringBackedValue.swift */,
				A3B59B7B25EABE42002F7DCA /* PlaceNames.swift */,
			);
			path = Helpers;
			sourceTree = "<group>";
		};
/* End PBXGroup section */

/* Begin PBXNativeTarget section */
		A398CDDD25E95EA900775778 /* londata */ = {
			isa = PBXNativeTarget;
			buildConfigurationList = A398CE0325E95EB100775778 /* Build configuration list for PBXNativeTarget "londata" */;
			buildPhases = (
				A398CDDA25E95EA900775778 /* Sources */,
				A398CDDB25E95EA900775778 /* Frameworks */,
				A398CDDC25E95EA900775778 /* Resources */,
			);
			buildRules = (
			);
			dependencies = (
			);
			name = londata;
			productName = londata;
			productReference = A398CDDE25E95EA900775778 /* londata.app */;
			productType = "com.apple.product-type.application";
		};
		A398CDEE25E95EB100775778 /* londataTests */ = {
			isa = PBXNativeTarget;
			buildConfigurationList = A398CE0625E95EB100775778 /* Build configuration list for PBXNativeTarget "londataTests" */;
			buildPhases = (
				A398CDEB25E95EB100775778 /* Sources */,
				A398CDEC25E95EB100775778 /* Frameworks */,
				A398CDED25E95EB100775778 /* Resources */,
			);
			buildRules = (
			);
			dependencies = (
				A398CDF125E95EB100775778 /* PBXTargetDependency */,
			);
			name = londataTests;
			productName = londataTests;
			productReference = A398CDEF25E95EB100775778 /* londataTests.xctest */;
			productType = "com.apple.product-type.bundle.unit-test";
		};
		A398CDF925E95EB100775778 /* londataUITests */ = {
			isa = PBXNativeTarget;
			buildConfigurationList = A398CE0925E95EB100775778 /* Build configuration list for PBXNativeTarget "londataUITests" */;
			buildPhases = (
				A398CDF625E95EB100775778 /* Sources */,
				A398CDF725E95EB100775778 /* Frameworks */,
				A398CDF825E95EB100775778 /* Resources */,
			);
			buildRules = (
			);
			dependencies = (
				A398CDFC25E95EB100775778 /* PBXTargetDependency */,
			);
			name = londataUITests;
			productName = londataUITests;
			productReference = A398CDFA25E95EB100775778 /* londataUITests.xctest */;
			productType = "com.apple.product-type.bundle.ui-testing";
		};
/* End PBXNativeTarget section */

/* Begin PBXProject section */
		A398CDD625E95EA900775778 /* Project object */ = {
			isa = PBXProject;
			attributes = {
				LastSwiftUpdateCheck = 1230;
				LastUpgradeCheck = 1230;
				TargetAttributes = {
					A398CDDD25E95EA900775778 = {
						CreatedOnToolsVersion = 12.3;
					};
					A398CDEE25E95EB100775778 = {
						CreatedOnToolsVersion = 12.3;
						TestTargetID = A398CDDD25E95EA900775778;
					};
					A398CDF925E95EB100775778 = {
						CreatedOnToolsVersion = 12.3;
						TestTargetID = A398CDDD25E95EA900775778;
					};
				};
			};
			buildConfigurationList = A398CDD925E95EA900775778 /* Build configuration list for PBXProject "londata" */;
			compatibilityVersion = "Xcode 9.3";
			developmentRegion = en;
			hasScannedForEncodings = 0;
			knownRegions = (
				en,
				Base,
			);
			mainGroup = A398CDD525E95EA900775778;
			productRefGroup = A398CDDF25E95EA900775778 /* Products */;
			projectDirPath = "";
			projectRoot = "";
			targets = (
				A398CDDD25E95EA900775778 /* londata */,
				A398CDEE25E95EB100775778 /* londataTests */,
				A398CDF925E95EB100775778 /* londataUITests */,
			);
		};
/* End PBXProject section */

/* Begin PBXResourcesBuildPhase section */
		A398CDDC25E95EA900775778 /* Resources */ = {
			isa = PBXResourcesBuildPhase;
			buildActionMask = 2147483647;
			files = (
				A398CDE925E95EB000775778 /* Preview Assets.xcassets in Resources */,
				A398CDE625E95EB000775778 /* Assets.xcassets in Resources */,
			);
			runOnlyForDeploymentPostprocessing = 0;
		};
		A398CDED25E95EB100775778 /* Resources */ = {
			isa = PBXResourcesBuildPhase;
			buildActionMask = 2147483647;
			files = (
			);
			runOnlyForDeploymentPostprocessing = 0;
		};
		A398CDF825E95EB100775778 /* Resources */ = {
			isa = PBXResourcesBuildPhase;
			buildActionMask = 2147483647;
			files = (
			);
			runOnlyForDeploymentPostprocessing = 0;
		};
/* End PBXResourcesBuildPhase section */

/* Begin PBXSourcesBuildPhase section */
		A398CDDA25E95EA900775778 /* Sources */ = {
			isa = PBXSourcesBuildPhase;
			buildActionMask = 2147483647;
			files = (
				A371387E25EED9EA000324E9 /* DataMap.swift in Sources */,
				A371385A25EEB23A000324E9 /* PollutionDatapoint.swift in Sources */,
				A3B59B7C25EABE42002F7DCA /* PlaceNames.swift in Sources */,
				A371385F25EEB276000324E9 /* Borough.swift in Sources */,
				A3B59B7725EAB80D002F7DCA /* StringBackedValue.swift in Sources */,
				A371388825EEDB33000324E9 /* CovidDatapoint.swift in Sources */,
				A3B59B6925EA6D5B002F7DCA /* Agent.swift in Sources */,
				A3BE581325EF08E500173121 /* PollutionMarker.swift in Sources */,
				A3B59B7125EAB3FB002F7DCA /* CrimeAPI.swift in Sources */,
				A398CDE425E95EA900775778 /* ContentView.swift in Sources */,
				A371388325EEDA66000324E9 /* MapMarker.swift in Sources */,
				A398CE3625E9636C00775778 /* CovidAPI.swift in Sources */,
				A3BE583725EF142D00173121 /* MapInfoAnnotation.swift in Sources */,
				A398CE2925E9635400775778 /* PollutionAPI.swift in Sources */,
				A398CDE225E95EA900775778 /* londataApp.swift in Sources */,
				A3BE582F25EF134C00173121 /* CovidMarker.swift in Sources */,
				A371385125EE44F0000324E9 /* LondataMapVM.swift in Sources */,
				A3BE583C25EF150400173121 /* CircleButtonImage.swift in Sources */,
			);
			runOnlyForDeploymentPostprocessing = 0;
		};
		A398CDEB25E95EB100775778 /* Sources */ = {
			isa = PBXSourcesBuildPhase;
			buildActionMask = 2147483647;
			files = (
				A398CDF425E95EB100775778 /* londataTests.swift in Sources */,
			);
			runOnlyForDeploymentPostprocessing = 0;
		};
		A398CDF625E95EB100775778 /* Sources */ = {
			isa = PBXSourcesBuildPhase;
			buildActionMask = 2147483647;
			files = (
				A398CDFF25E95EB100775778 /* londataUITests.swift in Sources */,
			);
			runOnlyForDeploymentPostprocessing = 0;
		};
/* End PBXSourcesBuildPhase section */

/* Begin PBXTargetDependency section */
		A398CDF125E95EB100775778 /* PBXTargetDependency */ = {
			isa = PBXTargetDependency;
			target = A398CDDD25E95EA900775778 /* londata */;
			targetProxy = A398CDF025E95EB100775778 /* PBXContainerItemProxy */;
		};
		A398CDFC25E95EB100775778 /* PBXTargetDependency */ = {
			isa = PBXTargetDependency;
			target = A398CDDD25E95EA900775778 /* londata */;
			targetProxy = A398CDFB25E95EB100775778 /* PBXContainerItemProxy */;
		};
/* End PBXTargetDependency section */

/* Begin XCBuildConfiguration section */
		A398CE0125E95EB100775778 /* Debug */ = {
			isa = XCBuildConfiguration;
			buildSettings = {
				ALWAYS_SEARCH_USER_PATHS = NO;
				CLANG_ANALYZER_NONNULL = YES;
				CLANG_ANALYZER_NUMBER_OBJECT_CONVERSION = YES_AGGRESSIVE;
				CLANG_CXX_LANGUAGE_STANDARD = "gnu++14";
				CLANG_CXX_LIBRARY = "libc++";
				CLANG_ENABLE_MODULES = YES;
				CLANG_ENABLE_OBJC_ARC = YES;
				CLANG_ENABLE_OBJC_WEAK = YES;
				CLANG_WARN_BLOCK_CAPTURE_AUTORELEASING = YES;
				CLANG_WARN_BOOL_CONVERSION = YES;
				CLANG_WARN_COMMA = YES;
				CLANG_WARN_CONSTANT_CONVERSION = YES;
				CLANG_WARN_DEPRECATED_OBJC_IMPLEMENTATIONS = YES;
				CLANG_WARN_DIRECT_OBJC_ISA_USAGE = YES_ERROR;
				CLANG_WARN_DOCUMENTATION_COMMENTS = YES;
				CLANG_WARN_EMPTY_BODY = YES;
				CLANG_WARN_ENUM_CONVERSION = YES;
				CLANG_WARN_INFINITE_RECURSION = YES;
				CLANG_WARN_INT_CONVERSION = YES;
				CLANG_WARN_NON_LITERAL_NULL_CONVERSION = YES;
				CLANG_WARN_OBJC_IMPLICIT_RETAIN_SELF = YES;
				CLANG_WARN_OBJC_LITERAL_CONVERSION = YES;
				CLANG_WARN_OBJC_ROOT_CLASS = YES_ERROR;
				CLANG_WARN_QUOTED_INCLUDE_IN_FRAMEWORK_HEADER = YES;
				CLANG_WARN_RANGE_LOOP_ANALYSIS = YES;
				CLANG_WARN_STRICT_PROTOTYPES = YES;
				CLANG_WARN_SUSPICIOUS_MOVE = YES;
				CLANG_WARN_UNGUARDED_AVAILABILITY = YES_AGGRESSIVE;
				CLANG_WARN_UNREACHABLE_CODE = YES;
				CLANG_WARN__DUPLICATE_METHOD_MATCH = YES;
				COPY_PHASE_STRIP = NO;
				DEBUG_INFORMATION_FORMAT = dwarf;
				ENABLE_STRICT_OBJC_MSGSEND = YES;
				ENABLE_TESTABILITY = YES;
				GCC_C_LANGUAGE_STANDARD = gnu11;
				GCC_DYNAMIC_NO_PIC = NO;
				GCC_NO_COMMON_BLOCKS = YES;
				GCC_OPTIMIZATION_LEVEL = 0;
				GCC_PREPROCESSOR_DEFINITIONS = (
					"DEBUG=1",
					"$(inherited)",
				);
				GCC_WARN_64_TO_32_BIT_CONVERSION = YES;
				GCC_WARN_ABOUT_RETURN_TYPE = YES_ERROR;
				GCC_WARN_UNDECLARED_SELECTOR = YES;
				GCC_WARN_UNINITIALIZED_AUTOS = YES_AGGRESSIVE;
				GCC_WARN_UNUSED_FUNCTION = YES;
				GCC_WARN_UNUSED_VARIABLE = YES;
				IPHONEOS_DEPLOYMENT_TARGET = 14.3;
				MTL_ENABLE_DEBUG_INFO = INCLUDE_SOURCE;
				MTL_FAST_MATH = YES;
				ONLY_ACTIVE_ARCH = YES;
				SDKROOT = iphoneos;
				SWIFT_ACTIVE_COMPILATION_CONDITIONS = DEBUG;
				SWIFT_OPTIMIZATION_LEVEL = "-Onone";
			};
			name = Debug;
		};
		A398CE0225E95EB100775778 /* Release */ = {
			isa = XCBuildConfiguration;
			buildSettings = {
				ALWAYS_SEARCH_USER_PATHS = NO;
				CLANG_ANALYZER_NONNULL = YES;
				CLANG_ANALYZER_NUMBER_OBJECT_CONVERSION = YES_AGGRESSIVE;
				CLANG_CXX_LANGUAGE_STANDARD = "gnu++14";
				CLANG_CXX_LIBRARY = "libc++";
				CLANG_ENABLE_MODULES = YES;
				CLANG_ENABLE_OBJC_ARC = YES;
				CLANG_ENABLE_OBJC_WEAK = YES;
				CLANG_WARN_BLOCK_CAPTURE_AUTORELEASING = YES;
				CLANG_WARN_BOOL_CONVERSION = YES;
				CLANG_WARN_COMMA = YES;
				CLANG_WARN_CONSTANT_CONVERSION = YES;
				CLANG_WARN_DEPRECATED_OBJC_IMPLEMENTATIONS = YES;
				CLANG_WARN_DIRECT_OBJC_ISA_USAGE = YES_ERROR;
				CLANG_WARN_DOCUMENTATION_COMMENTS = YES;
				CLANG_WARN_EMPTY_BODY = YES;
				CLANG_WARN_ENUM_CONVERSION = YES;
				CLANG_WARN_INFINITE_RECURSION = YES;
				CLANG_WARN_INT_CONVERSION = YES;
				CLANG_WARN_NON_LITERAL_NULL_CONVERSION = YES;
				CLANG_WARN_OBJC_IMPLICIT_RETAIN_SELF = YES;
				CLANG_WARN_OBJC_LITERAL_CONVERSION = YES;
				CLANG_WARN_OBJC_ROOT_CLASS = YES_ERROR;
				CLANG_WARN_QUOTED_INCLUDE_IN_FRAMEWORK_HEADER = YES;
				CLANG_WARN_RANGE_LOOP_ANALYSIS = YES;
				CLANG_WARN_STRICT_PROTOTYPES = YES;
				CLANG_WARN_SUSPICIOUS_MOVE = YES;
				CLANG_WARN_UNGUARDED_AVAILABILITY = YES_AGGRESSIVE;
				CLANG_WARN_UNREACHABLE_CODE = YES;
				CLANG_WARN__DUPLICATE_METHOD_MATCH = YES;
				COPY_PHASE_STRIP = NO;
				DEBUG_INFORMATION_FORMAT = "dwarf-with-dsym";
				ENABLE_NS_ASSERTIONS = NO;
				ENABLE_STRICT_OBJC_MSGSEND = YES;
				GCC_C_LANGUAGE_STANDARD = gnu11;
				GCC_NO_COMMON_BLOCKS = YES;
				GCC_WARN_64_TO_32_BIT_CONVERSION = YES;
				GCC_WARN_ABOUT_RETURN_TYPE = YES_ERROR;
				GCC_WARN_UNDECLARED_SELECTOR = YES;
				GCC_WARN_UNINITIALIZED_AUTOS = YES_AGGRESSIVE;
				GCC_WARN_UNUSED_FUNCTION = YES;
				GCC_WARN_UNUSED_VARIABLE = YES;
				IPHONEOS_DEPLOYMENT_TARGET = 14.3;
				MTL_ENABLE_DEBUG_INFO = NO;
				MTL_FAST_MATH = YES;
				SDKROOT = iphoneos;
				SWIFT_COMPILATION_MODE = wholemodule;
				SWIFT_OPTIMIZATION_LEVEL = "-O";
				VALIDATE_PRODUCT = YES;
			};
			name = Release;
		};
		A398CE0425E95EB100775778 /* Debug */ = {
			isa = XCBuildConfiguration;
			buildSettings = {
				ASSETCATALOG_COMPILER_APPICON_NAME = AppIcon;
				ASSETCATALOG_COMPILER_GLOBAL_ACCENT_COLOR_NAME = AccentColor;
				CODE_SIGN_STYLE = Automatic;
				DEVELOPMENT_ASSET_PATHS = "\"londata/Preview Content\"";
				DEVELOPMENT_TEAM = 9AT8K45FD8;
				ENABLE_PREVIEWS = YES;
				INFOPLIST_FILE = londata/Info.plist;
				IPHONEOS_DEPLOYMENT_TARGET = 14.0;
				LD_RUNPATH_SEARCH_PATHS = (
					"$(inherited)",
					"@executable_path/Frameworks",
				);
				PRODUCT_BUNDLE_IDENTIFIER = uk.org.openurban.londondata;
				PRODUCT_NAME = "$(TARGET_NAME)";
				SWIFT_VERSION = 5.0;
				TARGETED_DEVICE_FAMILY = "1,2";
			};
			name = Debug;
		};
		A398CE0525E95EB100775778 /* Release */ = {
			isa = XCBuildConfiguration;
			buildSettings = {
				ASSETCATALOG_COMPILER_APPICON_NAME = AppIcon;
				ASSETCATALOG_COMPILER_GLOBAL_ACCENT_COLOR_NAME = AccentColor;
				CODE_SIGN_STYLE = Automatic;
				DEVELOPMENT_ASSET_PATHS = "\"londata/Preview Content\"";
				DEVELOPMENT_TEAM = 5J7QGSF586;
				ENABLE_PREVIEWS = YES;
				INFOPLIST_FILE = londata/Info.plist;
				IPHONEOS_DEPLOYMENT_TARGET = 14.0;
				LD_RUNPATH_SEARCH_PATHS = (
					"$(inherited)",
					"@executable_path/Frameworks",
				);
				PRODUCT_BUNDLE_IDENTIFIER = uk.org.openurban.londondata;
				PRODUCT_NAME = "$(TARGET_NAME)";
				SWIFT_VERSION = 5.0;
				TARGETED_DEVICE_FAMILY = "1,2";
			};
			name = Release;
		};
		A398CE0725E95EB100775778 /* Debug */ = {
			isa = XCBuildConfiguration;
			buildSettings = {
				ALWAYS_EMBED_SWIFT_STANDARD_LIBRARIES = YES;
				BUNDLE_LOADER = "$(TEST_HOST)";
				"CODE_SIGN_IDENTITY[sdk=macosx*]" = "Apple Development";
				CODE_SIGN_STYLE = Automatic;
				DEVELOPMENT_TEAM = 9AT8K45FD8;
				INFOPLIST_FILE = londataTests/Info.plist;
				IPHONEOS_DEPLOYMENT_TARGET = 14.0;
				LD_RUNPATH_SEARCH_PATHS = (
					"$(inherited)",
					"@executable_path/Frameworks",
					"@loader_path/Frameworks",
				);
				PRODUCT_BUNDLE_IDENTIFIER = uk.org.openurban.londataTests;
				PRODUCT_NAME = "$(TARGET_NAME)";
				SWIFT_VERSION = 5.0;
				TARGETED_DEVICE_FAMILY = "1,2";
				TEST_HOST = "$(BUILT_PRODUCTS_DIR)/londata.app/londata";
			};
			name = Debug;
		};
		A398CE0825E95EB100775778 /* Release */ = {
			isa = XCBuildConfiguration;
			buildSettings = {
				ALWAYS_EMBED_SWIFT_STANDARD_LIBRARIES = YES;
				BUNDLE_LOADER = "$(TEST_HOST)";
				"CODE_SIGN_IDENTITY[sdk=macosx*]" = "Apple Development";
				CODE_SIGN_STYLE = Automatic;
				DEVELOPMENT_TEAM = 9AT8K45FD8;
				INFOPLIST_FILE = londataTests/Info.plist;
				IPHONEOS_DEPLOYMENT_TARGET = 14.0;
				LD_RUNPATH_SEARCH_PATHS = (
					"$(inherited)",
					"@executable_path/Frameworks",
					"@loader_path/Frameworks",
				);
				PRODUCT_BUNDLE_IDENTIFIER = uk.org.openurban.londataTests;
				PRODUCT_NAME = "$(TARGET_NAME)";
				SWIFT_VERSION = 5.0;
				TARGETED_DEVICE_FAMILY = "1,2";
				TEST_HOST = "$(BUILT_PRODUCTS_DIR)/londata.app/londata";
			};
			name = Release;
		};
		A398CE0A25E95EB100775778 /* Debug */ = {
			isa = XCBuildConfiguration;
			buildSettings = {
				ALWAYS_EMBED_SWIFT_STANDARD_LIBRARIES = YES;
				CODE_SIGN_STYLE = Automatic;
				DEVELOPMENT_TEAM = 5J7QGSF586;
				INFOPLIST_FILE = londataUITests/Info.plist;
				LD_RUNPATH_SEARCH_PATHS = (
					"$(inherited)",
					"@executable_path/Frameworks",
					"@loader_path/Frameworks",
				);
				PRODUCT_BUNDLE_IDENTIFIER = uk.org.openurban.londataUITests;
				PRODUCT_NAME = "$(TARGET_NAME)";
				SWIFT_VERSION = 5.0;
				TARGETED_DEVICE_FAMILY = "1,2";
				TEST_TARGET_NAME = londata;
			};
			name = Debug;
		};
		A398CE0B25E95EB100775778 /* Release */ = {
			isa = XCBuildConfiguration;
			buildSettings = {
				ALWAYS_EMBED_SWIFT_STANDARD_LIBRARIES = YES;
				CODE_SIGN_STYLE = Automatic;
				DEVELOPMENT_TEAM = 5J7QGSF586;
				INFOPLIST_FILE = londataUITests/Info.plist;
				LD_RUNPATH_SEARCH_PATHS = (
					"$(inherited)",
					"@executable_path/Frameworks",
					"@loader_path/Frameworks",
				);
				PRODUCT_BUNDLE_IDENTIFIER = uk.org.openurban.londataUITests;
				PRODUCT_NAME = "$(TARGET_NAME)";
				SWIFT_VERSION = 5.0;
				TARGETED_DEVICE_FAMILY = "1,2";
				TEST_TARGET_NAME = londata;
			};
			name = Release;
		};
/* End XCBuildConfiguration section */

/* Begin XCConfigurationList section */
		A398CDD925E95EA900775778 /* Build configuration list for PBXProject "londata" */ = {
			isa = XCConfigurationList;
			buildConfigurations = (
				A398CE0125E95EB100775778 /* Debug */,
				A398CE0225E95EB100775778 /* Release */,
			);
			defaultConfigurationIsVisible = 0;
			defaultConfigurationName = Release;
		};
		A398CE0325E95EB100775778 /* Build configuration list for PBXNativeTarget "londata" */ = {
			isa = XCConfigurationList;
			buildConfigurations = (
				A398CE0425E95EB100775778 /* Debug */,
				A398CE0525E95EB100775778 /* Release */,
			);
			defaultConfigurationIsVisible = 0;
			defaultConfigurationName = Release;
		};
		A398CE0625E95EB100775778 /* Build configuration list for PBXNativeTarget "londataTests" */ = {
			isa = XCConfigurationList;
			buildConfigurations = (
				A398CE0725E95EB100775778 /* Debug */,
				A398CE0825E95EB100775778 /* Release */,
			);
			defaultConfigurationIsVisible = 0;
			defaultConfigurationName = Release;
		};
		A398CE0925E95EB100775778 /* Build configuration list for PBXNativeTarget "londataUITests" */ = {
			isa = XCConfigurationList;
			buildConfigurations = (
				A398CE0A25E95EB100775778 /* Debug */,
				A398CE0B25E95EB100775778 /* Release */,
			);
			defaultConfigurationIsVisible = 0;
			defaultConfigurationName = Release;
		};
/* End XCConfigurationList section */
	};
	rootObject = A398CDD625E95EA900775778 /* Project object */;
}
